
Microsoft Visual Studio Solution File, Format Version 12.00
# Visual Studio 15
VisualStudioVersion = 15.0.27004.2006
MinimumVisualStudioVersion = 10.0.40219.1
Project("{FAE04EC0-301F-11D3-BF4B-00C04F79EFBC}") = "ProjectLyrics", "ProjectLyrics\ProjectLyrics.csproj", "{03D154AE-E268-4D30-A476-01E99F91CF60}"
EndProject
Global
	GlobalSection(SolutionConfigurationPlatforms) = preSolution
		Debug|Any CPU = Debug|Any CPU
		Release|Any CPU = Release|Any CPU
	EndGlobalSection
	GlobalSection(ProjectConfigurationPlatforms) = postSolution
		{03D154AE-E268-4D30-A476-01E99F91CF60}.Debug|Any CPU.ActiveCfg = Debug|Any CPU
		{03D154AE-E268-4D30-A476-01E99F91CF60}.Debug|Any CPU.Build.0 = Debug|Any CPU
		{03D154AE-E268-4D30-A476-01E99F91CF60}.Release|Any CPU.ActiveCfg = Release|Any CPU
		{03D154AE-E268-4D30-A476-01E99F91CF60}.Release|Any CPU.Build.0 = Release|Any CPU
	EndGlobalSection
	GlobalSection(SolutionProperties) = preSolution
		HideSolutionNode = FALSE
	EndGlobalSection
	GlobalSection(ExtensibilityGlobals) = postSolution
		SolutionGuid = {184DA308-6948-4AF6-BCB9-228FA7776851}
	EndGlobalSection
EndGlobal
